
Microsoft Visual Studio Solution File, Format Version 12.00
# Visual Studio Version 17
VisualStudioVersion = 17.6.33620.401
MinimumVisualStudioVersion = 10.0.40219.1
Project("{9A19103F-16F7-4668-BE54-9A1E7A4F7556}") = "SmartGenealogy", "SmartGenealogy\SmartGenealogy.csproj", "{E49839B2-470F-4E7E-BFFF-97273EB06574}"
EndProject
Project("{9A19103F-16F7-4668-BE54-9A1E7A4F7556}") = "SmartGenealogy.Android", "SmartGenealogy.Android\SmartGenealogy.Android.csproj", "{1CF633F3-72C0-40BB-B17F-DB844F8726F6}"
EndProject
Project("{9A19103F-16F7-4668-BE54-9A1E7A4F7556}") = "SmartGenealogy.Desktop", "SmartGenealogy.Desktop\SmartGenealogy.Desktop.csproj", "{5305B519-BA77-4643-B914-ADA38150EBF2}"
EndProject
Project("{9A19103F-16F7-4668-BE54-9A1E7A4F7556}") = "SmartGenealogy.iOS", "SmartGenealogy.iOS\SmartGenealogy.iOS.csproj", "{5CE6F64B-C0AE-4CC9-AD61-4BD036C4A6E3}"
EndProject
Global
	GlobalSection(SolutionConfigurationPlatforms) = preSolution
		Debug|Any CPU = Debug|Any CPU
		Release|Any CPU = Release|Any CPU
	EndGlobalSection
	GlobalSection(ProjectConfigurationPlatforms) = postSolution
		{E49839B2-470F-4E7E-BFFF-97273EB06574}.Debug|Any CPU.ActiveCfg = Debug|Any CPU
		{E49839B2-470F-4E7E-BFFF-97273EB06574}.Debug|Any CPU.Build.0 = Debug|Any CPU
		{E49839B2-470F-4E7E-BFFF-97273EB06574}.Release|Any CPU.ActiveCfg = Release|Any CPU
		{E49839B2-470F-4E7E-BFFF-97273EB06574}.Release|Any CPU.Build.0 = Release|Any CPU
		{1CF633F3-72C0-40BB-B17F-DB844F8726F6}.Debug|Any CPU.ActiveCfg = Debug|Any CPU
		{1CF633F3-72C0-40BB-B17F-DB844F8726F6}.Debug|Any CPU.Build.0 = Debug|Any CPU
		{1CF633F3-72C0-40BB-B17F-DB844F8726F6}.Debug|Any CPU.Deploy.0 = Debug|Any CPU
		{1CF633F3-72C0-40BB-B17F-DB844F8726F6}.Release|Any CPU.ActiveCfg = Release|Any CPU
		{1CF633F3-72C0-40BB-B17F-DB844F8726F6}.Release|Any CPU.Build.0 = Release|Any CPU
		{1CF633F3-72C0-40BB-B17F-DB844F8726F6}.Release|Any CPU.Deploy.0 = Release|Any CPU
		{5305B519-BA77-4643-B914-ADA38150EBF2}.Debug|Any CPU.ActiveCfg = Debug|Any CPU
		{5305B519-BA77-4643-B914-ADA38150EBF2}.Debug|Any CPU.Build.0 = Debug|Any CPU
		{5305B519-BA77-4643-B914-ADA38150EBF2}.Release|Any CPU.ActiveCfg = Release|Any CPU
		{5305B519-BA77-4643-B914-ADA38150EBF2}.Release|Any CPU.Build.0 = Release|Any CPU
		{5CE6F64B-C0AE-4CC9-AD61-4BD036C4A6E3}.Debug|Any CPU.ActiveCfg = Debug|Any CPU
		{5CE6F64B-C0AE-4CC9-AD61-4BD036C4A6E3}.Debug|Any CPU.Build.0 = Debug|Any CPU
		{5CE6F64B-C0AE-4CC9-AD61-4BD036C4A6E3}.Debug|Any CPU.Deploy.0 = Debug|Any CPU
		{5CE6F64B-C0AE-4CC9-AD61-4BD036C4A6E3}.Release|Any CPU.ActiveCfg = Release|Any CPU
		{5CE6F64B-C0AE-4CC9-AD61-4BD036C4A6E3}.Release|Any CPU.Build.0 = Release|Any CPU
		{5CE6F64B-C0AE-4CC9-AD61-4BD036C4A6E3}.Release|Any CPU.Deploy.0 = Release|Any CPU
	EndGlobalSection
	GlobalSection(SolutionProperties) = preSolution
		HideSolutionNode = FALSE
	EndGlobalSection
	GlobalSection(ExtensibilityGlobals) = postSolution
		SolutionGuid = {267BED8C-4A5B-4A12-8F43-2547F065B263}
	EndGlobalSection
EndGlobal
